
Microsoft Visual Studio Solution File, Format Version 12.00
# Visual Studio 15
VisualStudioVersion = 15.0.28307.852
MinimumVisualStudioVersion = 10.0.40219.1
Project("{FAE04EC0-301F-11D3-BF4B-00C04F79EFBC}") = "DataStructuresAssignment", "DataStructuresAssignment\DataStructuresAssignment.csproj", "{D457B762-B392-4074-9AC1-FC2F890D3618}"
EndProject
Global
	GlobalSection(SolutionConfigurationPlatforms) = preSolution
		Debug|Any CPU = Debug|Any CPU
		Release|Any CPU = Release|Any CPU
	EndGlobalSection
	GlobalSection(ProjectConfigurationPlatforms) = postSolution
		{D457B762-B392-4074-9AC1-FC2F890D3618}.Debug|Any CPU.ActiveCfg = Debug|Any CPU
		{D457B762-B392-4074-9AC1-FC2F890D3618}.Debug|Any CPU.Build.0 = Debug|Any CPU
		{D457B762-B392-4074-9AC1-FC2F890D3618}.Release|Any CPU.ActiveCfg = Release|Any CPU
		{D457B762-B392-4074-9AC1-FC2F890D3618}.Release|Any CPU.Build.0 = Release|Any CPU
	EndGlobalSection
	GlobalSection(SolutionProperties) = preSolution
		HideSolutionNode = FALSE
	EndGlobalSection
	GlobalSection(ExtensibilityGlobals) = postSolution
		SolutionGuid = {84244E3D-5CA1-4DEA-A3F2-7E290727EF49}
	EndGlobalSection
EndGlobal
